
Microsoft Visual Studio Solution File, Format Version 12.00
# Visual Studio 15
VisualStudioVersion = 15.0.27703.2000
MinimumVisualStudioVersion = 10.0.40219.1
Project("{FAE04EC0-301F-11D3-BF4B-00C04F79EFBC}") = "Devtools.Client", "Devtools.Client\Devtools.Client.csproj", "{B85E4F39-B378-48E5-994C-3CD034287A59}"
EndProject
Global
	GlobalSection(SolutionConfigurationPlatforms) = preSolution
		Debug|Any CPU = Debug|Any CPU
		Release|Any CPU = Release|Any CPU
	EndGlobalSection
	GlobalSection(ProjectConfigurationPlatforms) = postSolution
		{B85E4F39-B378-48E5-994C-3CD034287A59}.Debug|Any CPU.ActiveCfg = Debug|Any CPU
		{B85E4F39-B378-48E5-994C-3CD034287A59}.Debug|Any CPU.Build.0 = Debug|Any CPU
		{B85E4F39-B378-48E5-994C-3CD034287A59}.Release|Any CPU.ActiveCfg = Release|Any CPU
		{B85E4F39-B378-48E5-994C-3CD034287A59}.Release|Any CPU.Build.0 = Release|Any CPU
	EndGlobalSection
	GlobalSection(SolutionProperties) = preSolution
		HideSolutionNode = FALSE
	EndGlobalSection
	GlobalSection(ExtensibilityGlobals) = postSolution
		SolutionGuid = {A8CC4EB7-61EE-4F7D-95F4-7858A6FF039F}
	EndGlobalSection
EndGlobal
